
Microsoft Visual Studio Solution File, Format Version 12.00
# Visual Studio Version 16
VisualStudioVersion = 16.0.30114.105
MinimumVisualStudioVersion = 10.0.40219.1
Project("{FAE04EC0-301F-11D3-BF4B-00C04F79EFBC}") = "Stationery System", "Stationery System\Stationery System.csproj", "{76009C89-14A0-42FA-863C-EDAC926F0D80}"
EndProject
Global
	GlobalSection(SolutionConfigurationPlatforms) = preSolution
		Debug|Any CPU = Debug|Any CPU
		Release|Any CPU = Release|Any CPU
	EndGlobalSection
	GlobalSection(ProjectConfigurationPlatforms) = postSolution
		{76009C89-14A0-42FA-863C-EDAC926F0D80}.Debug|Any CPU.ActiveCfg = Debug|Any CPU
		{76009C89-14A0-42FA-863C-EDAC926F0D80}.Debug|Any CPU.Build.0 = Debug|Any CPU
		{76009C89-14A0-42FA-863C-EDAC926F0D80}.Release|Any CPU.ActiveCfg = Release|Any CPU
		{76009C89-14A0-42FA-863C-EDAC926F0D80}.Release|Any CPU.Build.0 = Release|Any CPU
	EndGlobalSection
	GlobalSection(SolutionProperties) = preSolution
		HideSolutionNode = FALSE
	EndGlobalSection
	GlobalSection(ExtensibilityGlobals) = postSolution
		SolutionGuid = {049649CE-CA0E-4F6C-AFD7-1C59880181BE}
	EndGlobalSection
EndGlobal
